// !$*UTF8*$!
{
	archiveVersion = 1;
	classes = {
	};
	objectVersion = 46;
	objects = {

/* Begin PBXBuildFile section */
		9C31D50C1C7A69A7003F6769 /* AppDelegate.swift in Sources */ = {isa = PBXBuildFile; fileRef = 9C31D50B1C7A69A7003F6769 /* AppDelegate.swift */; };
		9C31D50E1C7A69A7003F6769 /* ViewController.swift in Sources */ = {isa = PBXBuildFile; fileRef = 9C31D50D1C7A69A7003F6769 /* ViewController.swift */; };
		9C31D5111C7A69A7003F6769 /* Main.storyboard in Resources */ = {isa = PBXBuildFile; fileRef = 9C31D50F1C7A69A7003F6769 /* Main.storyboard */; };
		9C31D5131C7A69A7003F6769 /* Assets.xcassets in Resources */ = {isa = PBXBuildFile; fileRef = 9C31D5121C7A69A7003F6769 /* Assets.xcassets */; };
		9C31D5161C7A69A7003F6769 /* LaunchScreen.storyboard in Resources */ = {isa = PBXBuildFile; fileRef = 9C31D5141C7A69A7003F6769 /* LaunchScreen.storyboard */; };
/* End PBXBuildFile section */

/* Begin PBXFileReference section */
		9C31D5081C7A69A7003F6769 /* stackView-exercise.app */ = {isa = PBXFileReference; explicitFileType = wrapper.application; includeInIndex = 0; path = "stackView-exercise.app"; sourceTree = BUILT_PRODUCTS_DIR; };
		9C31D50B1C7A69A7003F6769 /* AppDelegate.swift */ = {isa = PBXFileReference; lastKnownFileType = sourcecode.swift; path = AppDelegate.swift; sourceTree = "<group>"; };
		9C31D50D1C7A69A7003F6769 /* ViewController.swift */ = {isa = PBXFileReference; lastKnownFileType = sourcecode.swift; path = ViewController.swift; sourceTree = "<group>"; };
		9C31D5101C7A69A7003F6769 /* Base */ = {isa = PBXFileReference; lastKnownFileType = file.storyboard; name = Base; path = Base.lproj/Main.storyboard; sourceTree = "<group>"; };
		9C31D5121C7A69A7003F6769 /* Assets.xcassets */ = {isa = PBXFileReference; lastKnownFileType = folder.assetcatalog; path = Assets.xcassets; sourceTree = "<group>"; };
		9C31D5151C7A69A7003F6769 /* Base */ = {isa = PBXFileReference; lastKnownFileType = file.storyboard; name = Base; path = Base.lproj/LaunchScreen.storyboard; sourceTree = "<group>"; };
		9C31D5171C7A69A7003F6769 /* Info.plist */ = {isa = PBXFileReference; lastKnownFileType = text.plist.xml; path = Info.plist; sourceTree = "<group>"; };
/* End PBXFileReference section */

/* Begin PBXFrameworksBuildPhase section */
		9C31D5051C7A69A7003F6769 /* Frameworks */ = {
			isa = PBXFrameworksBuildPhase;
			buildActionMask = 2147483647;
			files = (
			);
			runOnlyForDeploymentPostprocessing = 0;
		};
/* End PBXFrameworksBuildPhase section */

/* Begin PBXGroup section */
		9C31D4FF1C7A69A7003F6769 = {
			isa = PBXGroup;
			children = (
				9C31D50A1C7A69A7003F6769 /* stackView-exercise */,
				9C31D5091C7A69A7003F6769 /* Products */,
			);
			sourceTree = "<group>";
		};
		9C31D5091C7A69A7003F6769 /* Products */ = {
			isa = PBXGroup;
			children = (
				9C31D5081C7A69A7003F6769 /* stackView-exercise.app */,
			);
			name = Products;
			sourceTree = "<group>";
		};
		9C31D50A1C7A69A7003F6769 /* stackView-exercise */ = {
			isa = PBXGroup;
			children = (
				9C31D50B1C7A69A7003F6769 /* AppDelegate.swift */,
				9C31D50D1C7A69A7003F6769 /* ViewController.swift */,
				9C31D50F1C7A69A7003F6769 /* Main.storyboard */,
				9C31D5121C7A69A7003F6769 /* Assets.xcassets */,
				9C31D5141C7A69A7003F6769 /* LaunchScreen.storyboard */,
				9C31D5171C7A69A7003F6769 /* Info.plist */,
			);
			path = "stackView-exercise";
			sourceTree = "<group>";
		};
/* End PBXGroup section */

/* Begin PBXNativeTarget section */
		9C31D5071C7A69A7003F6769 /* stackView-exercise */ = {
			isa = PBXNativeTarget;
			buildConfigurationList = 9C31D51A1C7A69A7003F6769 /* Build configuration list for PBXNativeTarget "stackView-exercise" */;
			buildPhases = (
				9C31D5041C7A69A7003F6769 /* Sources */,
				9C31D5051C7A69A7003F6769 /* Frameworks */,
				9C31D5061C7A69A7003F6769 /* Resources */,
			);
			buildRules = (
			);
			dependencies = (
			);
			name = "stackView-exercise";
			productName = "stackView-exercise";
			productReference = 9C31D5081C7A69A7003F6769 /* stackView-exercise.app */;
			productType = "com.apple.product-type.application";
		};
/* End PBXNativeTarget section */

/* Begin PBXProject section */
		9C31D5001C7A69A7003F6769 /* Project object */ = {
			isa = PBXProject;
			attributes = {
				LastSwiftUpdateCheck = 0720;
				LastUpgradeCheck = 0720;
				ORGANIZATIONNAME = "Junior Samaroo";
				TargetAttributes = {
					9C31D5071C7A69A7003F6769 = {
						CreatedOnToolsVersion = 7.2;
						DevelopmentTeam = 6W27TEN3TD;
					};
				};
			};
			buildConfigurationList = 9C31D5031C7A69A7003F6769 /* Build configuration list for PBXProject "stackView-exercise" */;
			compatibilityVersion = "Xcode 3.2";
			developmentRegion = English;
			hasScannedForEncodings = 0;
			knownRegions = (
				en,
				Base,
			);
			mainGroup = 9C31D4FF1C7A69A7003F6769;
			productRefGroup = 9C31D5091C7A69A7003F6769 /* Products */;
			projectDirPath = "";
			projectRoot = "";
			targets = (
				9C31D5071C7A69A7003F6769 /* stackView-exercise */,
			);
		};
/* End PBXProject section */

/* Begin PBXResourcesBuildPhase section */
		9C31D5061C7A69A7003F6769 /* Resources */ = {
			isa = PBXResourcesBuildPhase;
			buildActionMask = 2147483647;
			files = (
				9C31D5161C7A69A7003F6769 /* LaunchScreen.storyboard in Resources */,
				9C31D5131C7A69A7003F6769 /* Assets.xcassets in Resources */,
				9C31D5111C7A69A7003F6769 /* Main.storyboard in Resources */,
			);
			runOnlyForDeploymentPostprocessing = 0;
		};
/* End PBXResourcesBuildPhase section */

/* Begin PBXSourcesBuildPhase section */
		9C31D5041C7A69A7003F6769 /* Sources */ = {
			isa = PBXSourcesBuildPhase;
			buildActionMask = 2147483647;
			files = (
				9C31D50E1C7A69A7003F6769 /* ViewController.swift in Sources */,
				9C31D50C1C7A69A7003F6769 /* AppDelegate.swift in Sources */,
			);
			runOnlyForDeploymentPostprocessing = 0;
		};
/* End PBXSourcesBuildPhase section */

/* Begin PBXVariantGroup section */
		9C31D50F1C7A69A7003F6769 /* Main.storyboard */ = {
			isa = PBXVariantGroup;
			children = (
				9C31D5101C7A69A7003F6769 /* Base */,
			);
			name = Main.storyboard;
			sourceTree = "<group>";
		};
		9C31D5141C7A69A7003F6769 /* LaunchScreen.storyboard */ = {
			isa = PBXVariantGroup;
			children = (
				9C31D5151C7A69A7003F6769 /* Base */,
			);
			name = LaunchScreen.storyboard;
			sourceTree = "<group>";
		};
/* End PBXVariantGroup section */

/* Begin XCBuildConfiguration section */
		9C31D5181C7A69A7003F6769 /* Debug */ = {
			isa = XCBuildConfiguration;
			buildSettings = {
				ALWAYS_SEARCH_USER_PATHS = NO;
				CLANG_CXX_LANGUAGE_STANDARD = "gnu++0x";
				CLANG_CXX_LIBRARY = "libc++";
				CLANG_ENABLE_MODULES = YES;
				CLANG_ENABLE_OBJC_ARC = YES;
				CLANG_WARN_BOOL_CONVERSION = YES;
				CLANG_WARN_CONSTANT_CONVERSION = YES;
				CLANG_WARN_DIRECT_OBJC_ISA_USAGE = YES_ERROR;
				CLANG_WARN_EMPTY_BODY = YES;
				CLANG_WARN_ENUM_CONVERSION = YES;
				CLANG_WARN_INT_CONVERSION = YES;
				CLANG_WARN_OBJC_ROOT_CLASS = YES_ERROR;
				CLANG_WARN_UNREACHABLE_CODE = YES;
				CLANG_WARN__DUPLICATE_METHOD_MATCH = YES;
				"CODE_SIGN_IDENTITY[sdk=iphoneos*]" = "iPhone Developer";
				COPY_PHASE_STRIP = NO;
				DEBUG_INFORMATION_FORMAT = dwarf;
				ENABLE_STRICT_OBJC_MSGSEND = YES;
				ENABLE_TESTABILITY = YES;
				GCC_C_LANGUAGE_STANDARD = gnu99;
				GCC_DYNAMIC_NO_PIC = NO;
				GCC_NO_COMMON_BLOCKS = YES;
				GCC_OPTIMIZATION_LEVEL = 0;
				GCC_PREPROCESSOR_DEFINITIONS = (
					"DEBUG=1",
					"$(inherited)",
				);
				GCC_WARN_64_TO_32_BIT_CONVERSION = YES;
				GCC_WARN_ABOUT_RETURN_TYPE = YES_ERROR;
				GCC_WARN_UNDECLARED_SELECTOR = YES;
				GCC_WARN_UNINITIALIZED_AUTOS = YES_AGGRESSIVE;
				GCC_WARN_UNUSED_FUNCTION = YES;
				GCC_WARN_UNUSED_VARIABLE = YES;
				IPHONEOS_DEPLOYMENT_TARGET = 9.2;
				MTL_ENABLE_DEBUG_INFO = YES;
				ONLY_ACTIVE_ARCH = YES;
				SDKROOT = iphoneos;
				SWIFT_OPTIMIZATION_LEVEL = "-Onone";
			};
			name = Debug;
		};
		9C31D5191C7A69A7003F6769 /* Release */ = {
			isa = XCBuildConfiguration;
			buildSettings = {
				ALWAYS_SEARCH_USER_PATHS = NO;
				CLANG_CXX_LANGUAGE_STANDARD = "gnu++0x";
				CLANG_CXX_LIBRARY = "libc++";
				CLANG_ENABLE_MODULES = YES;
				CLANG_ENABLE_OBJC_ARC = YES;
				CLANG_WARN_BOOL_CONVERSION = YES;
				CLANG_WARN_CONSTANT_CONVERSION = YES;
				CLANG_WARN_DIRECT_OBJC_ISA_USAGE = YES_ERROR;
				CLANG_WARN_EMPTY_BODY = YES;
				CLANG_WARN_ENUM_CONVERSION = YES;
				CLANG_WARN_INT_CONVERSION = YES;
				CLANG_WARN_OBJC_ROOT_CLASS = YES_ERROR;
				CLANG_WARN_UNREACHABLE_CODE = YES;
				CLANG_WARN__DUPLICATE_METHOD_MATCH = YES;
				"CODE_SIGN_IDENTITY[sdk=iphoneos*]" = "iPhone Developer";
				COPY_PHASE_STRIP = NO;
				DEBUG_INFORMATION_FORMAT = "dwarf-with-dsym";
				ENABLE_NS_ASSERTIONS = NO;
				ENABLE_STRICT_OBJC_MSGSEND = YES;
				GCC_C_LANGUAGE_STANDARD = gnu99;
				GCC_NO_COMMON_BLOCKS = YES;
				GCC_WARN_64_TO_32_BIT_CONVERSION = YES;
				GCC_WARN_ABOUT_RETURN_TYPE = YES_ERROR;
				GCC_WARN_UNDECLARED_SELECTOR = YES;
				GCC_WARN_UNINITIALIZED_AUTOS = YES_AGGRESSIVE;
				GCC_WARN_UNUSED_FUNCTION = YES;
				GCC_WARN_UNUSED_VARIABLE = YES;
				IPHONEOS_DEPLOYMENT_TARGET = 9.2;
				MTL_ENABLE_DEBUG_INFO = NO;
				SDKROOT = iphoneos;
				VALIDATE_PRODUCT = YES;
			};
			name = Release;
		};
		9C31D51B1C7A69A7003F6769 /* Debug */ = {
			isa = XCBuildConfiguration;
			buildSettings = {
				ASSETCATALOG_COMPILER_APPICON_NAME = AppIcon;
				INFOPLIST_FILE = "stackView-exercise/Info.plist";
				LD_RUNPATH_SEARCH_PATHS = "$(inherited) @executable_path/Frameworks";
				PRODUCT_BUNDLE_IDENTIFIER = "com.juniorsamaroo.stackView-exercise";
				PRODUCT_NAME = "$(TARGET_NAME)";
				TARGETED_DEVICE_FAMILY = "1,2";
			};
			name = Debug;
		};
		9C31D51C1C7A69A7003F6769 /* Release */ = {
			isa = XCBuildConfiguration;
			buildSettings = {
				ASSETCATALOG_COMPILER_APPICON_NAME = AppIcon;
				INFOPLIST_FILE = "stackView-exercise/Info.plist";
				LD_RUNPATH_SEARCH_PATHS = "$(inherited) @executable_path/Frameworks";
				PRODUCT_BUNDLE_IDENTIFIER = "com.juniorsamaroo.stackView-exercise";
				PRODUCT_NAME = "$(TARGET_NAME)";
				TARGETED_DEVICE_FAMILY = "1,2";
			};
			name = Release;
		};
/* End XCBuildConfiguration section */

/* Begin XCConfigurationList section */
		9C31D5031C7A69A7003F6769 /* Build configuration list for PBXProject "stackView-exercise" */ = {
			isa = XCConfigurationList;
			buildConfigurations = (
				9C31D5181C7A69A7003F6769 /* Debug */,
				9C31D5191C7A69A7003F6769 /* Release */,
			);
			defaultConfigurationIsVisible = 0;
			defaultConfigurationName = Release;
		};
		9C31D51A1C7A69A7003F6769 /* Build configuration list for PBXNativeTarget "stackView-exercise" */ = {
			isa = XCConfigurationList;
			buildConfigurations = (
				9C31D51B1C7A69A7003F6769 /* Debug */,
				9C31D51C1C7A69A7003F6769 /* Release */,
			);
			defaultConfigurationIsVisible = 0;
		};
/* End XCConfigurationList section */
	};
	rootObject = 9C31D5001C7A69A7003F6769 /* Project object */;
}
